github.com/TheCount/go-structfilter v0.1.0/go.mod h1:MXVeW2hsahsC86uN7gtK5dD6009/ly30FPC6ZTFOdhA=
github.com/ajstarks/svgo v0.0.0-20180226025133-644b8db467af/go.mod h1:K08gAheRH3/J6wwsYMMT4xOr94bZjxIelGM0+d/wbFw=
github.com/cdipaolo/goml v0.0.0-20161030204843-e2d8def04c9a h1:+8ndgVCRTyBJKTxfdzvDi2p7I+5ahjA7NRhlH7mNfIA=
github.com/cdipaolo/goml v0.0.0-20161030204843-e2d8def04c9a/go.mod h1:sduMkaHcXDIWurl/Bd/z0rNEUHw5tr6LUA9IO8E9o0o=
github.com/davecgh/go-spew v1.1.0/go.mod h1:J7Y8YcW2NihsgmVo/mv3lAwl/skON4iLHjSsI+c5H38=
github.com/davecgh/go-spew v1.1.1/go.mod h1:J7Y8YcW2NihsgmVo/mv3lAwl/skON4iLHjSsI+c5H38=
github.com/devalexandre/gomitie v0.0.0-20170211085714-d5cbb43a98c6 h1:1f41AyQOf3woWRTsFXqGPy8D0lcgDBFwGupKk2mBt60=
github.com/devalexandre/gomitie v0.0.0-20170211085714-d5cbb43a98c6/go.mod h1:spB5bxG208OYi2NkJmKv8nex9Q2AHvW4ZCRmN+OUXls=
github.com/fogleman/gg v1.2.1-0.20190220221249-0403632d5b90/go.mod h1:R/bRT+9gY/C5z7JzPU0zXsXHKM4/ayA+zqcVNZzPa1k=
github.com/golang/freetype v0.0.0-20170609003504-e2365dfdc4a0/go.mod h1:E/TSTwGwJL78qG/PmXZO1EjYhfJinVAhrmmHX6Z8B9k=
github.com/jung-kurt/gofpdf v1.0.3-0.20190309125859-24315acbbda5/go.mod h1:7Id9E/uU8ce6rXgefFLlgrJj/GYY22cpxn+r32jIOes=
github.com/kr/pretty v0.2.1/go.mod h1:ipq/a2n7PKx3OHsz4KJII5eveXtPO4qwEXGdVfWzfnI=
github.com/kr/pty v1.1.1/go.mod h1:pFQYn66WHrOpPYNljwOMqo10TkYh1fy3cYio2l3bCsQ=
github.com/kr/text v0.1.0/go.mod h1:4Jbv+DJW3UT/LiOwJeYQe1efqtUx/iVham/4vfdArNI=
github.com/michlabs/cgoutil v0.0.0-20170211085931-a663f08ae0f3 h1:lBENjHZdtyakSW1bIXnhIMki76nComdYAOclXCiVO5U=
github.com/michlabs/cgoutil v0.0.0-20170211085931-a663f08ae0f3/go.mod h1:97zaQ7VpIFWorpkcxHQUZkU6HbDCojOlUqaCVtlKZGg=
github.com/michlabs/gomitie v0.0.0-20170211085714-d5cbb43a98c6 h1:68AoAS4rBbccNEj2C5lqIQ9zi+DNh5hb7rd8gMVeZ14=
github.com/michlabs/gomitie v0.0.0-20170211085714-d5cbb43a98c6/go.mod h1:T4mofxY6+vq//pLqUXUxviXplWTKuSsP9peCcypYTG0=
github.com/mna/pigeon v1.0.0/go.mod h1:Iym28+kJVnC1hfQvv5MUtI6AiFFzvQjHcvI4RFTG/04=
github.com/neurosnap/sentences v1.0.6/go.mod h1:pg1IapvYpWCJJm/Etxeh0+gtMf1rI1STY9S7eUCPbDc=
github.com/neurosnap/sentences v1.1.2 h1:iphYOzx/XckXeBiLIUBkPu2EKMJ+6jDbz/sLJZ7ZoUw=
github.com/neurosnap/sentences v1.1.2/go.mod h1:/pwU4E9XNL21ygMIkOIllv/SMy2ujHwpf8GQPu1YPbQ=
github.com/nlpodyssey/spago v1.0.1 h1:kMaqd51RZCXbY7u6hNvJoyUf7k0kpKtd6YaSKnlB1bQ=
github.com/nlpodyssey/spago v1.0.1/go.mod h1:myGGtjwdlurAzacv7iXHY7KVfWii6MaHZo/eCDd6iE4=
github.com/pmezard/go-difflib v1.0.0/go.mod h1:iKH77koFhYxTK1pcRnkKkqfTogsbg7gZNVY4sRDYZ/4=
github.com/shixzie/nlp v0.0.0-20170918143203-39fec05b9991 h1:66B7Y7BO+bGWNXH7axZMSDT7I3/Kgb1YbD/Kq9D4CCc=
github.com/shixzie/nlp v0.0.0-20170918143203-39fec05b9991/go.mod h1:jXBbAh6jAyQDvyf4TrEckKrHT6okkiEDYaIBGys3gIc=
github.com/stretchr/objx v0.1.0/go.mod h1:HFkY916IF+rwdDfMAkV7OtwuqBVzrE8GR6GFx+wExME=
github.com/stretchr/objx v0.4.0/go.mod h1:YvHI0jy2hoMjB+UWwv71VJQ9isScKT/TqJzVSSt89Yw=
github.com/stretchr/objx v0.5.0/go.mod h1:Yh+to48EsGEfYuaHDzXPcE3xhTkx73EhmCGUpEOglKo=
github.com/stretchr/testify v1.7.1/go.mod h1:6Fq8oRcR53rry900zMqJjRRixrwX3KX962/h/Wwjteg=
github.com/stretchr/testify v1.8.0/go.mod h1:yNjHg4UonilssWZ8iaSj1OCr/vHnekPRkoO+kdMU+MU=
github.com/stretchr/testify v1.8.1/go.mod h1:w2LPCIKwWwSfY2zedu0+kehJoqGctiVI29o6fzry7u4=
github.com/zuvaai/prose/v3 v3.0.0-20230309153214-faace3a1ead3 h1:xfWg9K+aTJ8bgUCcQqLLRyD0wNVLoQtvPN7foqFZQ0k=
github.com/zuvaai/prose/v3 v3.0.0-20230309153214-faace3a1ead3/go.mod h1:XlxyA4ZEOiE3SE0aXOj7VqqRDzNl+l4VL8I58EQ3gO0=
golang.org/x/exp v0.0.0-20180321215751-8460e604b9de/go.mod h1:CJ0aWSM057203Lf6IL+f9T1iT9GByDxfZKAQTCR3kQA=
golang.org/x/exp v0.0.0-20180807140117-3d87b88a115f/go.mod h1:CJ0aWSM057203Lf6IL+f9T1iT9GByDxfZKAQTCR3kQA=
golang.org/x/exp v0.0.0-20190125153040-c74c464bbbf2/go.mod h1:CJ0aWSM057203Lf6IL+f9T1iT9GByDxfZKAQTCR3kQA=
golang.org/x/image v0.0.0-20180708004352-c73c2afc3b81/go.mod h1:ux5Hcp/YLpHSI86hEcLt0YII63i6oz57MZXIpbrjZUs=
golang.org/x/text v0.0.0-20170630100924-2bf8f2a19ec0 h1:M4kywXOhV3F38kTr0IZZYueKhR5dVnpaVmGSeYrklJY=
golang.org/x/text v0.0.0-20170630100924-2bf8f2a19ec0/go.mod h1:NqM8EUOU14njkJ3fqMW+pc6Ldnwhi/IjpwHt7yyuwOQ=
golang.org/x/tools v0.0.0-20180525024113-a5b4c53f6e8b/go.mod h1:n7NCudcB/nEzxVGmLbDWY5pfWTLqBcC2KZ6jyYvM4mQ=
golang.org/x/tools v0.0.0-20190206041539-40960b6deb8e/go.mod h1:n7NCudcB/nEzxVGmLbDWY5pfWTLqBcC2KZ6jyYvM4mQ=
gonum.org/v1/gonum v0.0.0-20180816165407-929014505bf4/go.mod h1:Y+Yx5eoAFn32cQvJDxZx5Dpnq+c3wtXuadVZAcxbbBo=
gonum.org/v1/gonum v0.7.0 h1:Hdks0L0hgznZLG9nzXb8vZ0rRvqNvAcgAp84y7Mwkgw=
gonum.org/v1/gonum v0.7.0/go.mod h1:L02bwd0sqlsvRv41G7wGWFCsVNZFv/k1xzGIxeANHGM=
gonum.org/v1/netlib v0.0.0-20190313105609-8cb42192e0e0/go.mod h1:wa6Ws7BG/ESfp6dHfk7C6KdzKA7wR7u/rKwOGE66zvw=
gonum.org/v1/plot v0.0.0-20190515093506-e2840ee46a6b/go.mod h1:Wt8AAjI+ypCyYX3nZBvf6cAIx93T+c/OS2HFAYskSZc=
gopkg.in/check.v1 v0.0.0-20161208181325-20d25e280405/go.mod h1:Co6ibVJAznAaIkqp8huTwlJQCZ016jof/cbN4VW5Yz0=
gopkg.in/check.v1 v1.0.0-20190902080502-41f04d3bba15/go.mod h1:Co6ibVJAznAaIkqp8huTwlJQCZ016jof/cbN4VW5Yz0=
gopkg.in/neurosnap/sentences.v1 v1.0.6 h1:v7ElyP020iEZQONyLld3fHILHWOPs+ntzuQTNPkul8E=
gopkg.in/neurosnap/sentences.v1 v1.0.6/go.mod h1:YlK+SN+fLQZj+kY3r8DkGDhDr91+S3JmTb5LSxFRQo0=
gopkg.in/yaml.v3 v3.0.0-20200313102051-9f266ea9e77c/go.mod h1:K4uyk7z7BCEPqu6E+C64Yfv1cQ7kz7rIZviUmN+EgEM=
gopkg.in/yaml.v3 v3.0.1/go.mod h1:K4uyk7z7BCEPqu6E+C64Yfv1cQ7kz7rIZviUmN+EgEM=
rsc.io/pdf v0.1.1/go.mod h1:n8OzWcQ6Sp37PL01nO98y4iUCRdTGarVfzxY20ICaU4=
